{"noiseKey":{"private":{"type":"Buffer","data":"kB8VyUh4ZFOGNKIeM7ek6O2W5BV31EI0Y0wDnSAEbm0="},"public":{"type":"Buffer","data":"WzU6VQzbFKctT3A3+fdxy5ehap7oTdEYTvGTFDWp1ns="}},"pairingEphemeralKeyPair":{"private":{"type":"Buffer","data":"SFKKcnxalIxs1yZmAWYjInjaXCqbwK7L+ZX753LTZUQ="},"public":{"type":"Buffer","data":"Kieyi8zH+NT6Y2wkKCiFpDPYhxU4ZeuPLLYPRwfk5lU="}},"signedIdentityKey":{"private":{"type":"Buffer","data":"gKhVPvFazpGmpUZA2i+EEma17IIEKzkbOqAFN7BSjHY="},"public":{"type":"Buffer","data":"h+XRcmiwVR1/2iEKOzW0BXAINR99zPMKyeFmjiLP8yc="}},"signedPreKey":{"keyPair":{"private":{"type":"Buffer","data":"wPiTaMS+99yhoIiW2q2tQI7BA6i/t5auBktH6LioAm4="},"public":{"type":"Buffer","data":"+3/mzbv69WlIRu/4AH09r+rqyy2TzDT4r0JdDSBYrwQ="}},"signature":{"type":"Buffer","data":"v8iZgo/XOJcemZnbobfhl3rPSqylqcnP6m3aP4+3rQSpuLKAxe3zVvEdo+quOIJePz56V0rgu7yjU+e/ymEWDg=="},"keyId":1},"registrationId":88,"advSecretKey":"c/M7Vi5OaTHDEEGjMyZNapywLGVGO8+JH9MkFz6jI+I=","processedHistoryMessages":[{"key":{"remoteJid":"966548559496@s.whatsapp.net","fromMe":false,"id":"2A063072102D1AD2EF8A","participant":"","addressingMode":"pn"},"messageTimestamp":1769188464},{"key":{"remoteJid":"966548559496@s.whatsapp.net","fromMe":false,"id":"2A7B48906B7A140CF4CC","participant":"","addressingMode":"pn"},"messageTimestamp":1769188468},{"key":{"remoteJid":"966548559496@s.whatsapp.net","fromMe":false,"id":"2A1CEEB25CEA065BCFBD","participant":"","addressingMode":"pn"},"messageTimestamp":1769188470}],"nextPreKeyId":813,"firstUnuploadedPreKeyId":813,"accountSyncCounter":1,"accountSettings":{"unarchiveChats":false},"registered":false,"account":{"details":"CI2EvVcQ59jOywYYASAAKAA=","accountSignatureKey":"YkukUyclONcyKlyfCsM+5ifkOtTcfPkGtWrfAhgOqFU=","accountSignature":"cB1kVJxNritVWkpQ9PqDXPAoWUsEKoNk0jqI6/g13/EXXU5bcr+LPpOOmHaeJpdIjIxoMXhN8Pc+KS2QWDc/AQ==","deviceSignature":"VTwVMTOhxFUzVGCl9UbXNZV7PLqAwzdn+tnaEDuEpjqHTNw8Gu8dgqpL9+H9fl4PmE1q3HS+NiQmjsCRbf9WAw=="},"me":{"id":"966548559496:1@s.whatsapp.net","name":"Adhi","lid":"157200769122559:1@lid"},"signalIdentities":[{"identifier":{"name":"157200769122559:1@lid","deviceId":0},"identifierKey":{"type":"Buffer","data":"BWJLpFMnJTjXMipcnwrDPuYn5DrU3Hz5BrVq3wIYDqhV"}}],"platform":"smbi","routingInfo":{"type":"Buffer","data":"CAUIEggI"},"lastAccountSyncTimestamp":1769188463,"lastPropHash":"2V77qU","myAppStateKeyId":"AAAAALib"}